
Microsoft Visual Studio Solution File, Format Version 12.00
# Visual Studio 15
VisualStudioVersion = 15.0.26730.16
MinimumVisualStudioVersion = 10.0.40219.1
Project("{FAE04EC0-301F-11D3-BF4B-00C04F79EFBC}") = "PizzaSPAFinal", "PizzaSPAFinal\PizzaSPAFinal.csproj", "{6E3CBF0D-EFB0-4500-BF8A-2B6F42DDFBFE}"
EndProject
Global
	GlobalSection(SolutionConfigurationPlatforms) = preSolution
		Debug|Any CPU = Debug|Any CPU
		Release|Any CPU = Release|Any CPU
	EndGlobalSection
	GlobalSection(ProjectConfigurationPlatforms) = postSolution
		{6E3CBF0D-EFB0-4500-BF8A-2B6F42DDFBFE}.Debug|Any CPU.ActiveCfg = Debug|Any CPU
		{6E3CBF0D-EFB0-4500-BF8A-2B6F42DDFBFE}.Debug|Any CPU.Build.0 = Debug|Any CPU
		{6E3CBF0D-EFB0-4500-BF8A-2B6F42DDFBFE}.Release|Any CPU.ActiveCfg = Release|Any CPU
		{6E3CBF0D-EFB0-4500-BF8A-2B6F42DDFBFE}.Release|Any CPU.Build.0 = Release|Any CPU
	EndGlobalSection
	GlobalSection(SolutionProperties) = preSolution
		HideSolutionNode = FALSE
	EndGlobalSection
	GlobalSection(ExtensibilityGlobals) = postSolution
		SolutionGuid = {62ADED70-B533-4DCA-BB85-11DD59AF2055}
	EndGlobalSection
EndGlobal
